
Microsoft Visual Studio Solution File, Format Version 12.00
# Visual Studio Version 17
VisualStudioVersion = 17.2.32630.192
MinimumVisualStudioVersion = 10.0.40219.1
Project("{9A19103F-16F7-4668-BE54-9A1E7A4F7556}") = "HomeWork", "HomeWork\HomeWork.csproj", "{5D9DAD34-CF7E-4885-B86C-05EECAF1E39A}"
EndProject
Project("{9A19103F-16F7-4668-BE54-9A1E7A4F7556}") = "ModuleOne", "ModuleOne\ModuleOne.csproj", "{A25FF8D1-923A-4875-9395-EE07FD04304E}"
EndProject
Project("{FAE04EC0-301F-11D3-BF4B-00C04F79EFBC}") = "ModuleThreePartOne", "ModuleThreePartOne\ModuleThreePartOne.csproj", "{6078A52C-9722-44C6-82BC-510476AB8BF6}"
EndProject
Project("{FAE04EC0-301F-11D3-BF4B-00C04F79EFBC}") = "ModuleFour", "ModuleFour\ModuleFour.csproj", "{23B2E5E1-C68D-48E9-A756-A16F40F2665B}"
EndProject
Project("{FAE04EC0-301F-11D3-BF4B-00C04F79EFBC}") = "ModuleFive", "ModuleFive\ModuleFive.csproj", "{46BFD5B4-1B14-4873-9BAD-042CB635A392}"
EndProject
Project("{FAE04EC0-301F-11D3-BF4B-00C04F79EFBC}") = "Building a house", "Building a house\Building a house.csproj", "{C2EE2E41-6424-4F34-92FD-5441BE5EAD3E}"
EndProject
Project("{FAE04EC0-301F-11D3-BF4B-00C04F79EFBC}") = "Rally", "Rally\Rally.csproj", "{39D5FED2-F5A4-4D37-B98D-35FFD61F3190}"
EndProject
Project("{FAE04EC0-301F-11D3-BF4B-00C04F79EFBC}") = "BookShop", "BookShop\BookShop.csproj", "{B8A2672B-B0C4-48EA-88DD-E249DC398CEA}"
EndProject
Global
	GlobalSection(SolutionConfigurationPlatforms) = preSolution
		Debug|Any CPU = Debug|Any CPU
		Release|Any CPU = Release|Any CPU
	EndGlobalSection
	GlobalSection(ProjectConfigurationPlatforms) = postSolution
		{5D9DAD34-CF7E-4885-B86C-05EECAF1E39A}.Debug|Any CPU.ActiveCfg = Debug|Any CPU
		{5D9DAD34-CF7E-4885-B86C-05EECAF1E39A}.Debug|Any CPU.Build.0 = Debug|Any CPU
		{5D9DAD34-CF7E-4885-B86C-05EECAF1E39A}.Release|Any CPU.ActiveCfg = Release|Any CPU
		{5D9DAD34-CF7E-4885-B86C-05EECAF1E39A}.Release|Any CPU.Build.0 = Release|Any CPU
		{A25FF8D1-923A-4875-9395-EE07FD04304E}.Debug|Any CPU.ActiveCfg = Debug|Any CPU
		{A25FF8D1-923A-4875-9395-EE07FD04304E}.Debug|Any CPU.Build.0 = Debug|Any CPU
		{A25FF8D1-923A-4875-9395-EE07FD04304E}.Release|Any CPU.ActiveCfg = Release|Any CPU
		{A25FF8D1-923A-4875-9395-EE07FD04304E}.Release|Any CPU.Build.0 = Release|Any CPU
		{6078A52C-9722-44C6-82BC-510476AB8BF6}.Debug|Any CPU.ActiveCfg = Debug|Any CPU
		{6078A52C-9722-44C6-82BC-510476AB8BF6}.Debug|Any CPU.Build.0 = Debug|Any CPU
		{6078A52C-9722-44C6-82BC-510476AB8BF6}.Release|Any CPU.ActiveCfg = Release|Any CPU
		{6078A52C-9722-44C6-82BC-510476AB8BF6}.Release|Any CPU.Build.0 = Release|Any CPU
		{23B2E5E1-C68D-48E9-A756-A16F40F2665B}.Debug|Any CPU.ActiveCfg = Debug|Any CPU
		{23B2E5E1-C68D-48E9-A756-A16F40F2665B}.Debug|Any CPU.Build.0 = Debug|Any CPU
		{23B2E5E1-C68D-48E9-A756-A16F40F2665B}.Release|Any CPU.ActiveCfg = Release|Any CPU
		{23B2E5E1-C68D-48E9-A756-A16F40F2665B}.Release|Any CPU.Build.0 = Release|Any CPU
		{46BFD5B4-1B14-4873-9BAD-042CB635A392}.Debug|Any CPU.ActiveCfg = Debug|Any CPU
		{46BFD5B4-1B14-4873-9BAD-042CB635A392}.Debug|Any CPU.Build.0 = Debug|Any CPU
		{46BFD5B4-1B14-4873-9BAD-042CB635A392}.Release|Any CPU.ActiveCfg = Release|Any CPU
		{46BFD5B4-1B14-4873-9BAD-042CB635A392}.Release|Any CPU.Build.0 = Release|Any CPU
		{C2EE2E41-6424-4F34-92FD-5441BE5EAD3E}.Debug|Any CPU.ActiveCfg = Debug|Any CPU
		{C2EE2E41-6424-4F34-92FD-5441BE5EAD3E}.Debug|Any CPU.Build.0 = Debug|Any CPU
		{C2EE2E41-6424-4F34-92FD-5441BE5EAD3E}.Release|Any CPU.ActiveCfg = Release|Any CPU
		{C2EE2E41-6424-4F34-92FD-5441BE5EAD3E}.Release|Any CPU.Build.0 = Release|Any CPU
		{39D5FED2-F5A4-4D37-B98D-35FFD61F3190}.Debug|Any CPU.ActiveCfg = Debug|Any CPU
		{39D5FED2-F5A4-4D37-B98D-35FFD61F3190}.Debug|Any CPU.Build.0 = Debug|Any CPU
		{39D5FED2-F5A4-4D37-B98D-35FFD61F3190}.Release|Any CPU.ActiveCfg = Release|Any CPU
		{39D5FED2-F5A4-4D37-B98D-35FFD61F3190}.Release|Any CPU.Build.0 = Release|Any CPU
		{B8A2672B-B0C4-48EA-88DD-E249DC398CEA}.Debug|Any CPU.ActiveCfg = Debug|Any CPU
		{B8A2672B-B0C4-48EA-88DD-E249DC398CEA}.Debug|Any CPU.Build.0 = Debug|Any CPU
		{B8A2672B-B0C4-48EA-88DD-E249DC398CEA}.Release|Any CPU.ActiveCfg = Release|Any CPU
		{B8A2672B-B0C4-48EA-88DD-E249DC398CEA}.Release|Any CPU.Build.0 = Release|Any CPU
	EndGlobalSection
	GlobalSection(SolutionProperties) = preSolution
		HideSolutionNode = FALSE
	EndGlobalSection
	GlobalSection(ExtensibilityGlobals) = postSolution
		SolutionGuid = {42E710C3-47AA-45ED-A78F-A3D9BB2329D3}
	EndGlobalSection
EndGlobal
